
Microsoft Visual Studio Solution File, Format Version 12.00
# Visual Studio Version 17
VisualStudioVersion = 17.0.31903.59
MinimumVisualStudioVersion = 10.0.40219.1
Project("{FAE04EC0-301F-11D3-BF4B-00C04F79EFBC}") = "Variables", "variables\Variables.csproj", "{81D47D71-FFB5-4985-A5DE-E21A560961B2}"
EndProject
Project("{FAE04EC0-301F-11D3-BF4B-00C04F79EFBC}") = "Operators", "Operators\Operators.csproj", "{FE1F4D4A-B6A1-45D6-A2E3-69DE21B07D2B}"
EndProject
Project("{FAE04EC0-301F-11D3-BF4B-00C04F79EFBC}") = "Exceptions", "Exceptions\Exceptions.csproj", "{F1637906-BF49-486D-B7FF-66F5B8D376FA}"
EndProject
Project("{FAE04EC0-301F-11D3-BF4B-00C04F79EFBC}") = "Loop", "Loop\Loop.csproj", "{8C4B3AB8-C269-4858-BAD5-E7858775EE63}"
EndProject
Global
	GlobalSection(SolutionConfigurationPlatforms) = preSolution
		Debug|Any CPU = Debug|Any CPU
		Release|Any CPU = Release|Any CPU
	EndGlobalSection
	GlobalSection(ProjectConfigurationPlatforms) = postSolution
		{81D47D71-FFB5-4985-A5DE-E21A560961B2}.Debug|Any CPU.ActiveCfg = Debug|Any CPU
		{81D47D71-FFB5-4985-A5DE-E21A560961B2}.Debug|Any CPU.Build.0 = Debug|Any CPU
		{81D47D71-FFB5-4985-A5DE-E21A560961B2}.Release|Any CPU.ActiveCfg = Release|Any CPU
		{81D47D71-FFB5-4985-A5DE-E21A560961B2}.Release|Any CPU.Build.0 = Release|Any CPU
		{FE1F4D4A-B6A1-45D6-A2E3-69DE21B07D2B}.Debug|Any CPU.ActiveCfg = Debug|Any CPU
		{FE1F4D4A-B6A1-45D6-A2E3-69DE21B07D2B}.Debug|Any CPU.Build.0 = Debug|Any CPU
		{FE1F4D4A-B6A1-45D6-A2E3-69DE21B07D2B}.Release|Any CPU.ActiveCfg = Release|Any CPU
		{FE1F4D4A-B6A1-45D6-A2E3-69DE21B07D2B}.Release|Any CPU.Build.0 = Release|Any CPU
		{F1637906-BF49-486D-B7FF-66F5B8D376FA}.Debug|Any CPU.ActiveCfg = Debug|Any CPU
		{F1637906-BF49-486D-B7FF-66F5B8D376FA}.Debug|Any CPU.Build.0 = Debug|Any CPU
		{F1637906-BF49-486D-B7FF-66F5B8D376FA}.Release|Any CPU.ActiveCfg = Release|Any CPU
		{F1637906-BF49-486D-B7FF-66F5B8D376FA}.Release|Any CPU.Build.0 = Release|Any CPU
		{8C4B3AB8-C269-4858-BAD5-E7858775EE63}.Debug|Any CPU.ActiveCfg = Debug|Any CPU
		{8C4B3AB8-C269-4858-BAD5-E7858775EE63}.Debug|Any CPU.Build.0 = Debug|Any CPU
		{8C4B3AB8-C269-4858-BAD5-E7858775EE63}.Release|Any CPU.ActiveCfg = Release|Any CPU
		{8C4B3AB8-C269-4858-BAD5-E7858775EE63}.Release|Any CPU.Build.0 = Release|Any CPU
	EndGlobalSection
	GlobalSection(SolutionProperties) = preSolution
		HideSolutionNode = FALSE
	EndGlobalSection
EndGlobal
